
Microsoft Visual Studio Solution File, Format Version 12.00
# Visual Studio Version 17
VisualStudioVersion = 17.11.35327.3
MinimumVisualStudioVersion = 10.0.40219.1
Project("{FAE04EC0-301F-11D3-BF4B-00C04F79EFBC}") = "Assignment6.1.1", "Assignment6.1.1.csproj", "{6DA44CA9-09F0-4331-8C98-89432DBAF2E9}"
EndProject
Global
	GlobalSection(SolutionConfigurationPlatforms) = preSolution
		Debug|Any CPU = Debug|Any CPU
		Release|Any CPU = Release|Any CPU
	EndGlobalSection
	GlobalSection(ProjectConfigurationPlatforms) = postSolution
		{6DA44CA9-09F0-4331-8C98-89432DBAF2E9}.Debug|Any CPU.ActiveCfg = Debug|Any CPU
		{6DA44CA9-09F0-4331-8C98-89432DBAF2E9}.Debug|Any CPU.Build.0 = Debug|Any CPU
		{6DA44CA9-09F0-4331-8C98-89432DBAF2E9}.Release|Any CPU.ActiveCfg = Release|Any CPU
		{6DA44CA9-09F0-4331-8C98-89432DBAF2E9}.Release|Any CPU.Build.0 = Release|Any CPU
	EndGlobalSection
	GlobalSection(SolutionProperties) = preSolution
		HideSolutionNode = FALSE
	EndGlobalSection
	GlobalSection(ExtensibilityGlobals) = postSolution
		SolutionGuid = {35CB715B-D9A4-4CD5-BE27-BE71AF7597E1}
	EndGlobalSection
EndGlobal
